
Microsoft Visual Studio Solution File, Format Version 12.00
# Visual Studio Version 17
VisualStudioVersion = 17.2.32526.322
MinimumVisualStudioVersion = 10.0.40219.1
Project("{2150E333-8FDC-42A3-9474-1A3956D46DE8}") = "Consul", "Consul", "{E01A9596-5EEE-4C07-A4C2-B5450E7AAE10}"
EndProject
Project("{2150E333-8FDC-42A3-9474-1A3956D46DE8}") = "Core", "Core", "{BED6429E-4520-48F6-8ABD-8DD8DCE58D36}"
EndProject
Project("{2150E333-8FDC-42A3-9474-1A3956D46DE8}") = "EventBus", "EventBus", "{C2BCD0BA-B039-4102-87C2-0131605B5C35}"
EndProject
Project("{2150E333-8FDC-42A3-9474-1A3956D46DE8}") = "Gateway", "Gateway", "{CF0D4480-EF25-41DC-8F26-354BCD3014FF}"
EndProject
Project("{2150E333-8FDC-42A3-9474-1A3956D46DE8}") = "Helper", "Helper", "{B8FEBD4E-98E8-4B4D-ABAC-F94DBB8C7810}"
EndProject
Project("{2150E333-8FDC-42A3-9474-1A3956D46DE8}") = "IdGenerater", "IdGenerater", "{F57F1BEB-C57D-4767-9032-1B287090F12B}"
EndProject
Project("{2150E333-8FDC-42A3-9474-1A3956D46DE8}") = "Mapper", "Mapper", "{120FBD4B-0059-4D08-8645-E0C4DD260349}"
EndProject
Project("{2150E333-8FDC-42A3-9474-1A3956D46DE8}") = "Redis", "Redis", "{E050441D-A4B8-45F0-B376-668C7C65B657}"
EndProject
Project("{2150E333-8FDC-42A3-9474-1A3956D46DE8}") = "Repository", "Repository", "{7F5EDCDD-4B2B-4148-8642-8BFA46A75A84}"
EndProject
Project("{9A19103F-16F7-4668-BE54-9A1E7A4F7556}") = "Hkust.Infras.Consul", "Consul\Hkust.Infras.Consul.csproj", "{2BA95C10-D522-4F55-B26E-9E4DFD4CF93C}"
EndProject
Project("{9A19103F-16F7-4668-BE54-9A1E7A4F7556}") = "Hkust.Infras.Core", "Core\Hkust.Infras.Core.csproj", "{BF5952D9-6ACB-4F48-9BDF-26647DAFD95D}"
EndProject
Project("{9A19103F-16F7-4668-BE54-9A1E7A4F7556}") = "Hkust.Infras.EventBus", "EventBus\Hkust.Infras.EventBus.csproj", "{15431F97-7EE4-4698-BD1B-62893A01767C}"
EndProject
Project("{9A19103F-16F7-4668-BE54-9A1E7A4F7556}") = "Hkust.Infras.Gateway.Ocelot", "Gateway\Ocelot\Hkust.Infras.Gateway.Ocelot.csproj", "{819AE062-F2D5-41B2-9B0B-BF5DC739F9C5}"
EndProject
Project("{9A19103F-16F7-4668-BE54-9A1E7A4F7556}") = "Hkust.Infras.Helper", "Helper\Hkust.Infras.Helper.csproj", "{4E7A0FE7-F747-4B0C-8025-1509DFD89314}"
EndProject
Project("{9A19103F-16F7-4668-BE54-9A1E7A4F7556}") = "Hkust.Infras.IdGenerater", "IdGenerater\Hkust.Infras.IdGenerater.csproj", "{CEBC12D9-D6B3-450B-9941-91AC1A2B2295}"
EndProject
Project("{9A19103F-16F7-4668-BE54-9A1E7A4F7556}") = "Hkust.Infras.Mapper", "Mapper\Hkust.Infras.Mapper.csproj", "{D889F1DF-FB1A-442C-8BE0-BCAF2F5BD163}"
EndProject
Project("{9A19103F-16F7-4668-BE54-9A1E7A4F7556}") = "Hkust.Infras.Redis", "Redis\Base\Hkust.Infras.Redis.csproj", "{F883EC2C-C4EF-4041-AF38-2BBD6DB2416C}"
EndProject
Project("{9A19103F-16F7-4668-BE54-9A1E7A4F7556}") = "Hkust.Infras.Redis.Caching", "Redis\Redis.Caching\Hkust.Infras.Redis.Caching.csproj", "{9FA7091C-291E-4221-9545-7E49D1E55B3E}"
EndProject
Project("{9A19103F-16F7-4668-BE54-9A1E7A4F7556}") = "Hkust.Infras.Repository", "Repository\Base\Hkust.Infras.Repository.csproj", "{33E7656B-A9AB-485B-8460-D286BD10E9BE}"
EndProject
Project("{9A19103F-16F7-4668-BE54-9A1E7A4F7556}") = "Hkust.Infras.Repository.Dapper", "Repository\Dapper\Hkust.Infras.Repository.Dapper.csproj", "{CCC61C64-6D87-40B4-BE89-D26DA858802D}"
EndProject
Project("{9A19103F-16F7-4668-BE54-9A1E7A4F7556}") = "Hkust.Infras.Repository.EfCore", "Repository\EfCore\Hkust.Infras.Repository.EfCore.csproj", "{EAE9B09D-3F0A-4604-B73B-3EAD2BD24AC9}"
EndProject
Project("{9A19103F-16F7-4668-BE54-9A1E7A4F7556}") = "Hkust.Infras.Repository.EfCore.MySql", "Repository\EfCore.MySql\Hkust.Infras.Repository.EfCore.MySql.csproj", "{BE0D21BE-C584-443D-ACA9-213E67664F92}"
EndProject
Project("{9A19103F-16F7-4668-BE54-9A1E7A4F7556}") = "Hkust.Infras.Repository.EfCore.SqlServer", "Repository\EfCore.SQLServer\Hkust.Infras.Repository.EfCore.SqlServer.csproj", "{F5BA09F4-542F-453A-94D6-B50E9F65B159}"
EndProject
Project("{9A19103F-16F7-4668-BE54-9A1E7A4F7556}") = "Hkust.Infras.Repository.Mongo", "Repository\Mongo\Hkust.Infras.Repository.Mongo.csproj", "{449B7185-8FB7-46CF-BF2C-BC08B0AB95DE}"
EndProject
Project("{2150E333-8FDC-42A3-9474-1A3956D46DE8}") = "Build", "Build", "{869B3874-AFE4-475D-9E40-A32F722F3815}"
	ProjectSection(SolutionItems) = preProject
		build\common.props = build\common.props
		build\version.props = build\version.props
	EndProjectSection
EndProject
Global
	GlobalSection(SolutionConfigurationPlatforms) = preSolution
		Debug|Any CPU = Debug|Any CPU
		Release|Any CPU = Release|Any CPU
	EndGlobalSection
	GlobalSection(ProjectConfigurationPlatforms) = postSolution
		{2BA95C10-D522-4F55-B26E-9E4DFD4CF93C}.Debug|Any CPU.ActiveCfg = Debug|Any CPU
		{2BA95C10-D522-4F55-B26E-9E4DFD4CF93C}.Debug|Any CPU.Build.0 = Debug|Any CPU
		{2BA95C10-D522-4F55-B26E-9E4DFD4CF93C}.Release|Any CPU.ActiveCfg = Release|Any CPU
		{2BA95C10-D522-4F55-B26E-9E4DFD4CF93C}.Release|Any CPU.Build.0 = Release|Any CPU
		{BF5952D9-6ACB-4F48-9BDF-26647DAFD95D}.Debug|Any CPU.ActiveCfg = Debug|Any CPU
		{BF5952D9-6ACB-4F48-9BDF-26647DAFD95D}.Debug|Any CPU.Build.0 = Debug|Any CPU
		{BF5952D9-6ACB-4F48-9BDF-26647DAFD95D}.Release|Any CPU.ActiveCfg = Release|Any CPU
		{BF5952D9-6ACB-4F48-9BDF-26647DAFD95D}.Release|Any CPU.Build.0 = Release|Any CPU
		{15431F97-7EE4-4698-BD1B-62893A01767C}.Debug|Any CPU.ActiveCfg = Debug|Any CPU
		{15431F97-7EE4-4698-BD1B-62893A01767C}.Debug|Any CPU.Build.0 = Debug|Any CPU
		{15431F97-7EE4-4698-BD1B-62893A01767C}.Release|Any CPU.ActiveCfg = Release|Any CPU
		{15431F97-7EE4-4698-BD1B-62893A01767C}.Release|Any CPU.Build.0 = Release|Any CPU
		{819AE062-F2D5-41B2-9B0B-BF5DC739F9C5}.Debug|Any CPU.ActiveCfg = Debug|Any CPU
		{819AE062-F2D5-41B2-9B0B-BF5DC739F9C5}.Debug|Any CPU.Build.0 = Debug|Any CPU
		{819AE062-F2D5-41B2-9B0B-BF5DC739F9C5}.Release|Any CPU.ActiveCfg = Release|Any CPU
		{819AE062-F2D5-41B2-9B0B-BF5DC739F9C5}.Release|Any CPU.Build.0 = Release|Any CPU
		{4E7A0FE7-F747-4B0C-8025-1509DFD89314}.Debug|Any CPU.ActiveCfg = Debug|Any CPU
		{4E7A0FE7-F747-4B0C-8025-1509DFD89314}.Debug|Any CPU.Build.0 = Debug|Any CPU
		{4E7A0FE7-F747-4B0C-8025-1509DFD89314}.Release|Any CPU.ActiveCfg = Release|Any CPU
		{4E7A0FE7-F747-4B0C-8025-1509DFD89314}.Release|Any CPU.Build.0 = Release|Any CPU
		{CEBC12D9-D6B3-450B-9941-91AC1A2B2295}.Debug|Any CPU.ActiveCfg = Debug|Any CPU
		{CEBC12D9-D6B3-450B-9941-91AC1A2B2295}.Debug|Any CPU.Build.0 = Debug|Any CPU
		{CEBC12D9-D6B3-450B-9941-91AC1A2B2295}.Release|Any CPU.ActiveCfg = Release|Any CPU
		{CEBC12D9-D6B3-450B-9941-91AC1A2B2295}.Release|Any CPU.Build.0 = Release|Any CPU
		{D889F1DF-FB1A-442C-8BE0-BCAF2F5BD163}.Debug|Any CPU.ActiveCfg = Debug|Any CPU
		{D889F1DF-FB1A-442C-8BE0-BCAF2F5BD163}.Debug|Any CPU.Build.0 = Debug|Any CPU
		{D889F1DF-FB1A-442C-8BE0-BCAF2F5BD163}.Release|Any CPU.ActiveCfg = Release|Any CPU
		{D889F1DF-FB1A-442C-8BE0-BCAF2F5BD163}.Release|Any CPU.Build.0 = Release|Any CPU
		{F883EC2C-C4EF-4041-AF38-2BBD6DB2416C}.Debug|Any CPU.ActiveCfg = Debug|Any CPU
		{F883EC2C-C4EF-4041-AF38-2BBD6DB2416C}.Debug|Any CPU.Build.0 = Debug|Any CPU
		{F883EC2C-C4EF-4041-AF38-2BBD6DB2416C}.Release|Any CPU.ActiveCfg = Release|Any CPU
		{F883EC2C-C4EF-4041-AF38-2BBD6DB2416C}.Release|Any CPU.Build.0 = Release|Any CPU
		{9FA7091C-291E-4221-9545-7E49D1E55B3E}.Debug|Any CPU.ActiveCfg = Debug|Any CPU
		{9FA7091C-291E-4221-9545-7E49D1E55B3E}.Debug|Any CPU.Build.0 = Debug|Any CPU
		{9FA7091C-291E-4221-9545-7E49D1E55B3E}.Release|Any CPU.ActiveCfg = Release|Any CPU
		{9FA7091C-291E-4221-9545-7E49D1E55B3E}.Release|Any CPU.Build.0 = Release|Any CPU
		{33E7656B-A9AB-485B-8460-D286BD10E9BE}.Debug|Any CPU.ActiveCfg = Debug|Any CPU
		{33E7656B-A9AB-485B-8460-D286BD10E9BE}.Debug|Any CPU.Build.0 = Debug|Any CPU
		{33E7656B-A9AB-485B-8460-D286BD10E9BE}.Release|Any CPU.ActiveCfg = Release|Any CPU
		{33E7656B-A9AB-485B-8460-D286BD10E9BE}.Release|Any CPU.Build.0 = Release|Any CPU
		{CCC61C64-6D87-40B4-BE89-D26DA858802D}.Debug|Any CPU.ActiveCfg = Debug|Any CPU
		{CCC61C64-6D87-40B4-BE89-D26DA858802D}.Debug|Any CPU.Build.0 = Debug|Any CPU
		{CCC61C64-6D87-40B4-BE89-D26DA858802D}.Release|Any CPU.ActiveCfg = Release|Any CPU
		{CCC61C64-6D87-40B4-BE89-D26DA858802D}.Release|Any CPU.Build.0 = Release|Any CPU
		{EAE9B09D-3F0A-4604-B73B-3EAD2BD24AC9}.Debug|Any CPU.ActiveCfg = Debug|Any CPU
		{EAE9B09D-3F0A-4604-B73B-3EAD2BD24AC9}.Debug|Any CPU.Build.0 = Debug|Any CPU
		{EAE9B09D-3F0A-4604-B73B-3EAD2BD24AC9}.Release|Any CPU.ActiveCfg = Release|Any CPU
		{EAE9B09D-3F0A-4604-B73B-3EAD2BD24AC9}.Release|Any CPU.Build.0 = Release|Any CPU
		{BE0D21BE-C584-443D-ACA9-213E67664F92}.Debug|Any CPU.ActiveCfg = Debug|Any CPU
		{BE0D21BE-C584-443D-ACA9-213E67664F92}.Debug|Any CPU.Build.0 = Debug|Any CPU
		{BE0D21BE-C584-443D-ACA9-213E67664F92}.Release|Any CPU.ActiveCfg = Release|Any CPU
		{BE0D21BE-C584-443D-ACA9-213E67664F92}.Release|Any CPU.Build.0 = Release|Any CPU
		{F5BA09F4-542F-453A-94D6-B50E9F65B159}.Debug|Any CPU.ActiveCfg = Debug|Any CPU
		{F5BA09F4-542F-453A-94D6-B50E9F65B159}.Debug|Any CPU.Build.0 = Debug|Any CPU
		{F5BA09F4-542F-453A-94D6-B50E9F65B159}.Release|Any CPU.ActiveCfg = Release|Any CPU
		{F5BA09F4-542F-453A-94D6-B50E9F65B159}.Release|Any CPU.Build.0 = Release|Any CPU
		{449B7185-8FB7-46CF-BF2C-BC08B0AB95DE}.Debug|Any CPU.ActiveCfg = Debug|Any CPU
		{449B7185-8FB7-46CF-BF2C-BC08B0AB95DE}.Debug|Any CPU.Build.0 = Debug|Any CPU
		{449B7185-8FB7-46CF-BF2C-BC08B0AB95DE}.Release|Any CPU.ActiveCfg = Release|Any CPU
		{449B7185-8FB7-46CF-BF2C-BC08B0AB95DE}.Release|Any CPU.Build.0 = Release|Any CPU
	EndGlobalSection
	GlobalSection(SolutionProperties) = preSolution
		HideSolutionNode = FALSE
	EndGlobalSection
	GlobalSection(NestedProjects) = preSolution
		{2BA95C10-D522-4F55-B26E-9E4DFD4CF93C} = {E01A9596-5EEE-4C07-A4C2-B5450E7AAE10}
		{BF5952D9-6ACB-4F48-9BDF-26647DAFD95D} = {BED6429E-4520-48F6-8ABD-8DD8DCE58D36}
		{15431F97-7EE4-4698-BD1B-62893A01767C} = {C2BCD0BA-B039-4102-87C2-0131605B5C35}
		{819AE062-F2D5-41B2-9B0B-BF5DC739F9C5} = {CF0D4480-EF25-41DC-8F26-354BCD3014FF}
		{4E7A0FE7-F747-4B0C-8025-1509DFD89314} = {B8FEBD4E-98E8-4B4D-ABAC-F94DBB8C7810}
		{CEBC12D9-D6B3-450B-9941-91AC1A2B2295} = {F57F1BEB-C57D-4767-9032-1B287090F12B}
		{D889F1DF-FB1A-442C-8BE0-BCAF2F5BD163} = {120FBD4B-0059-4D08-8645-E0C4DD260349}
		{F883EC2C-C4EF-4041-AF38-2BBD6DB2416C} = {E050441D-A4B8-45F0-B376-668C7C65B657}
		{9FA7091C-291E-4221-9545-7E49D1E55B3E} = {E050441D-A4B8-45F0-B376-668C7C65B657}
		{33E7656B-A9AB-485B-8460-D286BD10E9BE} = {7F5EDCDD-4B2B-4148-8642-8BFA46A75A84}
		{CCC61C64-6D87-40B4-BE89-D26DA858802D} = {7F5EDCDD-4B2B-4148-8642-8BFA46A75A84}
		{EAE9B09D-3F0A-4604-B73B-3EAD2BD24AC9} = {7F5EDCDD-4B2B-4148-8642-8BFA46A75A84}
		{BE0D21BE-C584-443D-ACA9-213E67664F92} = {7F5EDCDD-4B2B-4148-8642-8BFA46A75A84}
		{F5BA09F4-542F-453A-94D6-B50E9F65B159} = {7F5EDCDD-4B2B-4148-8642-8BFA46A75A84}
		{449B7185-8FB7-46CF-BF2C-BC08B0AB95DE} = {7F5EDCDD-4B2B-4148-8642-8BFA46A75A84}
	EndGlobalSection
	GlobalSection(ExtensibilityGlobals) = postSolution
		SolutionGuid = {8747D210-D783-4C72-8513-7E46C1859738}
	EndGlobalSection
EndGlobal
